
Microsoft Visual Studio Solution File, Format Version 12.00
# Visual Studio Version 16
VisualStudioVersion = 16.0.29613.14
MinimumVisualStudioVersion = 10.0.40219.1
Project("{FAE04EC0-301F-11D3-BF4B-00C04F79EFBC}") = "GameLearnEnlish", "GameLearnEnlish\GameLearnEnlish.csproj", "{C042ABF6-4DD5-44E0-BC66-CD478F38280D}"
EndProject
Global
	GlobalSection(SolutionConfigurationPlatforms) = preSolution
		Debug|Any CPU = Debug|Any CPU
		Release|Any CPU = Release|Any CPU
	EndGlobalSection
	GlobalSection(ProjectConfigurationPlatforms) = postSolution
		{C042ABF6-4DD5-44E0-BC66-CD478F38280D}.Debug|Any CPU.ActiveCfg = Debug|Any CPU
		{C042ABF6-4DD5-44E0-BC66-CD478F38280D}.Debug|Any CPU.Build.0 = Debug|Any CPU
		{C042ABF6-4DD5-44E0-BC66-CD478F38280D}.Release|Any CPU.ActiveCfg = Release|Any CPU
		{C042ABF6-4DD5-44E0-BC66-CD478F38280D}.Release|Any CPU.Build.0 = Release|Any CPU
	EndGlobalSection
	GlobalSection(SolutionProperties) = preSolution
		HideSolutionNode = FALSE
	EndGlobalSection
	GlobalSection(ExtensibilityGlobals) = postSolution
		SolutionGuid = {166B95F9-9C9B-46DB-9A6B-60860BC96020}
	EndGlobalSection
EndGlobal
